github.com/FortAwesome/Font-Awesome v0.0.0-20240402185447-c0f460dca7f7/go.mod h1:IUgezN/MFpCDIlFezw3L8j83oeiIuYoj28Miwr/KUYo=
github.com/google/docsy v0.10.0 h1:6tMDacPwAyRWNCfvsn/9qGOZDQ8b0aRzjRZvnZPY5dg=
github.com/google/docsy v0.10.0/go.mod h1:c0nIAqmRTOuJ01F85U/wJPQtc3Zj9N58Kea9bOT2AJc=
github.com/hugomods/bootstrap v0.17.0 h1:oH+V92q5W/kye9QPSQdZXYsO3V2wyfkAjdYLPFIfjPI=
github.com/hugomods/bootstrap v0.17.0/go.mod h1:EA5CtuNQX+aNkwEt1xae7clZ+4087KFXWZGE+2/f5oc=
github.com/hugomods/icons v0.6.2 h1:uESGgdnZ0NW/IPNfbGuq1dYG/p5XiqZ9R9CNq0Snr4c=
github.com/hugomods/icons v0.6.2/go.mod h1:cIkSvK6W0q6N4U6n9KGz+QfRWQXAW0INd+1P31gPNGg=
github.com/twbs/bootstrap v5.3.3+incompatible/go.mod h1:fZTSrkpSf0/HkL0IIJzvVspTt1r9zuf7XlZau8kpcY0=
github.com/twbs/icons v1.11.3 h1:XhvrQ1XDom9ggBbQx3wQCFGEr8qAQwQP/dAcw8OXMtA=
github.com/twbs/icons v1.11.3/go.mod h1:GnRlymgVWp5iVJCMa0Me5b6tFyGpVc2bSxPMRGIJmyA=
